
Microsoft Visual Studio Solution File, Format Version 12.00
# Visual Studio 15
VisualStudioVersion = 15.0.28307.329
MinimumVisualStudioVersion = 10.0.40219.1
Project("{FAE04EC0-301F-11D3-BF4B-00C04F79EFBC}") = "Lab06.ConsoleApp", "Lab06.ConsoleApp\Lab06.ConsoleApp.csproj", "{4479500F-8373-4B8D-9E08-5183B0F382F0}"
EndProject
Project("{FAE04EC0-301F-11D3-BF4B-00C04F79EFBC}") = "Lab06.ConsoleApp.Tests", "Lab06.ConsoleApp.Tests\Lab06.ConsoleApp.Tests.csproj", "{4C6F62BA-4583-4428-B88B-11008802E3B7}"
EndProject
Global
	GlobalSection(SolutionConfigurationPlatforms) = preSolution
		Debug|Any CPU = Debug|Any CPU
		Release|Any CPU = Release|Any CPU
	EndGlobalSection
	GlobalSection(ProjectConfigurationPlatforms) = postSolution
		{4479500F-8373-4B8D-9E08-5183B0F382F0}.Debug|Any CPU.ActiveCfg = Debug|Any CPU
		{4479500F-8373-4B8D-9E08-5183B0F382F0}.Debug|Any CPU.Build.0 = Debug|Any CPU
		{4479500F-8373-4B8D-9E08-5183B0F382F0}.Release|Any CPU.ActiveCfg = Release|Any CPU
		{4479500F-8373-4B8D-9E08-5183B0F382F0}.Release|Any CPU.Build.0 = Release|Any CPU
		{4C6F62BA-4583-4428-B88B-11008802E3B7}.Debug|Any CPU.ActiveCfg = Debug|Any CPU
		{4C6F62BA-4583-4428-B88B-11008802E3B7}.Debug|Any CPU.Build.0 = Debug|Any CPU
		{4C6F62BA-4583-4428-B88B-11008802E3B7}.Release|Any CPU.ActiveCfg = Release|Any CPU
		{4C6F62BA-4583-4428-B88B-11008802E3B7}.Release|Any CPU.Build.0 = Release|Any CPU
	EndGlobalSection
	GlobalSection(SolutionProperties) = preSolution
		HideSolutionNode = FALSE
	EndGlobalSection
	GlobalSection(ExtensibilityGlobals) = postSolution
		SolutionGuid = {8E25A3FB-DB49-4A44-99D4-4C8FE470F34E}
	EndGlobalSection
EndGlobal
