
Microsoft Visual Studio Solution File, Format Version 12.00
# Visual Studio 15
VisualStudioVersion = 15.0.28307.329
MinimumVisualStudioVersion = 10.0.40219.1
Project("{FAE04EC0-301F-11D3-BF4B-00C04F79EFBC}") = "Demo10.ConsoleApp", "Demo10.ConsoleApp\Demo10.ConsoleApp.csproj", "{6956135F-E488-401C-ADD7-8DF8509F1059}"
EndProject
Global
	GlobalSection(SolutionConfigurationPlatforms) = preSolution
		Debug|Any CPU = Debug|Any CPU
		Release|Any CPU = Release|Any CPU
	EndGlobalSection
	GlobalSection(ProjectConfigurationPlatforms) = postSolution
		{6956135F-E488-401C-ADD7-8DF8509F1059}.Debug|Any CPU.ActiveCfg = Debug|Any CPU
		{6956135F-E488-401C-ADD7-8DF8509F1059}.Debug|Any CPU.Build.0 = Debug|Any CPU
		{6956135F-E488-401C-ADD7-8DF8509F1059}.Release|Any CPU.ActiveCfg = Release|Any CPU
		{6956135F-E488-401C-ADD7-8DF8509F1059}.Release|Any CPU.Build.0 = Release|Any CPU
	EndGlobalSection
	GlobalSection(SolutionProperties) = preSolution
		HideSolutionNode = FALSE
	EndGlobalSection
	GlobalSection(ExtensibilityGlobals) = postSolution
		SolutionGuid = {8FBE84C1-26C4-4ED5-818A-9D8B6AF72168}
	EndGlobalSection
EndGlobal
