
Microsoft Visual Studio Solution File, Format Version 12.00
# Visual Studio 15
VisualStudioVersion = 15.0.28307.329
MinimumVisualStudioVersion = 10.0.40219.1
Project("{FAE04EC0-301F-11D3-BF4B-00C04F79EFBC}") = "ConsoleApp1", "ConsoleApp1\ConsoleApp1.csproj", "{936ED628-7E1F-46B5-8F70-778782D958B9}"
EndProject
Global
	GlobalSection(SolutionConfigurationPlatforms) = preSolution
		Debug|Any CPU = Debug|Any CPU
		Release|Any CPU = Release|Any CPU
	EndGlobalSection
	GlobalSection(ProjectConfigurationPlatforms) = postSolution
		{936ED628-7E1F-46B5-8F70-778782D958B9}.Debug|Any CPU.ActiveCfg = Debug|Any CPU
		{936ED628-7E1F-46B5-8F70-778782D958B9}.Debug|Any CPU.Build.0 = Debug|Any CPU
		{936ED628-7E1F-46B5-8F70-778782D958B9}.Release|Any CPU.ActiveCfg = Release|Any CPU
		{936ED628-7E1F-46B5-8F70-778782D958B9}.Release|Any CPU.Build.0 = Release|Any CPU
	EndGlobalSection
	GlobalSection(SolutionProperties) = preSolution
		HideSolutionNode = FALSE
	EndGlobalSection
	GlobalSection(ExtensibilityGlobals) = postSolution
		SolutionGuid = {4A911A01-D741-4D7F-9CD6-9046EFF11586}
	EndGlobalSection
EndGlobal
